
Microsoft Visual Studio Solution File, Format Version 12.00
# Visual Studio Version 16
VisualStudioVersion = 16.0.30011.22
MinimumVisualStudioVersion = 10.0.40219.1
Project("{FAE04EC0-301F-11D3-BF4B-00C04F79EFBC}") = "5eCharacterBuilder.Server", "5eCharacterBuilder\Server\5eCharacterBuilder.Server.csproj", "{20D65F82-3742-4C15-B02E-03E7784BFA13}"
EndProject
Project("{FAE04EC0-301F-11D3-BF4B-00C04F79EFBC}") = "5eCharacterBuilder.Client", "5eCharacterBuilder\Client\5eCharacterBuilder.Client.csproj", "{411D29EF-8F66-49AC-A7A7-6675478B0EEF}"
EndProject
Project("{FAE04EC0-301F-11D3-BF4B-00C04F79EFBC}") = "5eCharacterBuilder.Shared", "5eCharacterBuilder\Shared\5eCharacterBuilder.Shared.csproj", "{8A78D975-8F1F-4050-B1A3-47722FF72677}"
EndProject
Global
	GlobalSection(SolutionConfigurationPlatforms) = preSolution
		Debug|Any CPU = Debug|Any CPU
		Release|Any CPU = Release|Any CPU
	EndGlobalSection
	GlobalSection(ProjectConfigurationPlatforms) = postSolution
		{20D65F82-3742-4C15-B02E-03E7784BFA13}.Debug|Any CPU.ActiveCfg = Debug|Any CPU
		{20D65F82-3742-4C15-B02E-03E7784BFA13}.Debug|Any CPU.Build.0 = Debug|Any CPU
		{20D65F82-3742-4C15-B02E-03E7784BFA13}.Release|Any CPU.ActiveCfg = Release|Any CPU
		{20D65F82-3742-4C15-B02E-03E7784BFA13}.Release|Any CPU.Build.0 = Release|Any CPU
		{411D29EF-8F66-49AC-A7A7-6675478B0EEF}.Debug|Any CPU.ActiveCfg = Debug|Any CPU
		{411D29EF-8F66-49AC-A7A7-6675478B0EEF}.Debug|Any CPU.Build.0 = Debug|Any CPU
		{411D29EF-8F66-49AC-A7A7-6675478B0EEF}.Release|Any CPU.ActiveCfg = Release|Any CPU
		{411D29EF-8F66-49AC-A7A7-6675478B0EEF}.Release|Any CPU.Build.0 = Release|Any CPU
		{8A78D975-8F1F-4050-B1A3-47722FF72677}.Debug|Any CPU.ActiveCfg = Debug|Any CPU
		{8A78D975-8F1F-4050-B1A3-47722FF72677}.Debug|Any CPU.Build.0 = Debug|Any CPU
		{8A78D975-8F1F-4050-B1A3-47722FF72677}.Release|Any CPU.ActiveCfg = Release|Any CPU
		{8A78D975-8F1F-4050-B1A3-47722FF72677}.Release|Any CPU.Build.0 = Release|Any CPU
	EndGlobalSection
	GlobalSection(SolutionProperties) = preSolution
		HideSolutionNode = FALSE
	EndGlobalSection
	GlobalSection(ExtensibilityGlobals) = postSolution
		SolutionGuid = {F8DE0C18-7399-4B0E-9642-A6C8E03D0EE7}
	EndGlobalSection
EndGlobal
